// !$*UTF8*$!
{
	archiveVersion = 1;
	classes = {
	};
	objectVersion = 46;
	objects = {

/* Begin PBXBuildFile section */
		67F98EDC1D8B6D330042EFEF /* AppDelegate.swift in Sources */ = {isa = PBXBuildFile; fileRef = 67F98EDB1D8B6D330042EFEF /* AppDelegate.swift */; };
		67F98EDE1D8B6D330042EFEF /* FirstViewController.swift in Sources */ = {isa = PBXBuildFile; fileRef = 67F98EDD1D8B6D330042EFEF /* FirstViewController.swift */; };
		67F98EE11D8B6D330042EFEF /* Main.storyboard in Resources */ = {isa = PBXBuildFile; fileRef = 67F98EDF1D8B6D330042EFEF /* Main.storyboard */; };
		67F98EE41D8B6D330042EFEF /* Localator.xcdatamodeld in Sources */ = {isa = PBXBuildFile; fileRef = 67F98EE21D8B6D330042EFEF /* Localator.xcdatamodeld */; };
		67F98EE61D8B6D330042EFEF /* Assets.xcassets in Resources */ = {isa = PBXBuildFile; fileRef = 67F98EE51D8B6D330042EFEF /* Assets.xcassets */; };
		67F98EE91D8B6D330042EFEF /* LaunchScreen.storyboard in Resources */ = {isa = PBXBuildFile; fileRef = 67F98EE71D8B6D330042EFEF /* LaunchScreen.storyboard */; };
		67F98EF41D8B6D330042EFEF /* LocalatorTests.swift in Sources */ = {isa = PBXBuildFile; fileRef = 67F98EF31D8B6D330042EFEF /* LocalatorTests.swift */; };
		67F98EFF1D8B6D330042EFEF /* LocalatorUITests.swift in Sources */ = {isa = PBXBuildFile; fileRef = 67F98EFE1D8B6D330042EFEF /* LocalatorUITests.swift */; };
		67F98F0D1D8B71A60042EFEF /* FriendsViewController.swift in Sources */ = {isa = PBXBuildFile; fileRef = 67F98F0C1D8B71A60042EFEF /* FriendsViewController.swift */; };
		67F98F0F1D8B768A0042EFEF /* MapViewController.swift in Sources */ = {isa = PBXBuildFile; fileRef = 67F98F0E1D8B768A0042EFEF /* MapViewController.swift */; };
		67F98F111D8B83120042EFEF /* FriendHeaderView.swift in Sources */ = {isa = PBXBuildFile; fileRef = 67F98F101D8B83120042EFEF /* FriendHeaderView.swift */; };
		67F98F141D8BBF630042EFEF /* alarm-clock-ticking.wav in Resources */ = {isa = PBXBuildFile; fileRef = 67F98F131D8BBF630042EFEF /* alarm-clock-ticking.wav */; };
		67F98F171D8C66220042EFEF /* VCMapView.swift in Sources */ = {isa = PBXBuildFile; fileRef = 67F98F161D8C66220042EFEF /* VCMapView.swift */; };
		67F98F191D8C66360042EFEF /* Friend.swift in Sources */ = {isa = PBXBuildFile; fileRef = 67F98F181D8C66360042EFEF /* Friend.swift */; };
		67F98F1B1D8C86430042EFEF /* ping.mp3 in Resources */ = {isa = PBXBuildFile; fileRef = 67F98F1A1D8C86430042EFEF /* ping.mp3 */; };
		67F98F1D1D8C88970042EFEF /* water-drop.mp3 in Resources */ = {isa = PBXBuildFile; fileRef = 67F98F1C1D8C88970042EFEF /* water-drop.mp3 */; };
		67F98F1F1D8C88A60042EFEF /* beep.wav in Resources */ = {isa = PBXBuildFile; fileRef = 67F98F1E1D8C88A60042EFEF /* beep.wav */; };
/* End PBXBuildFile section */

/* Begin PBXContainerItemProxy section */
		67F98EF01D8B6D330042EFEF /* PBXContainerItemProxy */ = {
			isa = PBXContainerItemProxy;
			containerPortal = 67F98ED01D8B6D330042EFEF /* Project object */;
			proxyType = 1;
			remoteGlobalIDString = 67F98ED71D8B6D330042EFEF;
			remoteInfo = Localator;
		};
		67F98EFB1D8B6D330042EFEF /* PBXContainerItemProxy */ = {
			isa = PBXContainerItemProxy;
			containerPortal = 67F98ED01D8B6D330042EFEF /* Project object */;
			proxyType = 1;
			remoteGlobalIDString = 67F98ED71D8B6D330042EFEF;
			remoteInfo = Localator;
		};
/* End PBXContainerItemProxy section */

/* Begin PBXFileReference section */
		67F98ED81D8B6D330042EFEF /* Localator.app */ = {isa = PBXFileReference; explicitFileType = wrapper.application; includeInIndex = 0; path = Localator.app; sourceTree = BUILT_PRODUCTS_DIR; };
		67F98EDB1D8B6D330042EFEF /* AppDelegate.swift */ = {isa = PBXFileReference; lastKnownFileType = sourcecode.swift; path = AppDelegate.swift; sourceTree = "<group>"; };
		67F98EDD1D8B6D330042EFEF /* FirstViewController.swift */ = {isa = PBXFileReference; lastKnownFileType = sourcecode.swift; path = FirstViewController.swift; sourceTree = "<group>"; };
		67F98EE01D8B6D330042EFEF /* Base */ = {isa = PBXFileReference; lastKnownFileType = file.storyboard; name = Base; path = Base.lproj/Main.storyboard; sourceTree = "<group>"; };
		67F98EE31D8B6D330042EFEF /* Localator.xcdatamodel */ = {isa = PBXFileReference; lastKnownFileType = wrapper.xcdatamodel; path = Localator.xcdatamodel; sourceTree = "<group>"; };
		67F98EE51D8B6D330042EFEF /* Assets.xcassets */ = {isa = PBXFileReference; lastKnownFileType = folder.assetcatalog; path = Assets.xcassets; sourceTree = "<group>"; };
		67F98EE81D8B6D330042EFEF /* Base */ = {isa = PBXFileReference; lastKnownFileType = file.storyboard; name = Base; path = Base.lproj/LaunchScreen.storyboard; sourceTree = "<group>"; };
		67F98EEA1D8B6D330042EFEF /* Info.plist */ = {isa = PBXFileReference; lastKnownFileType = text.plist.xml; path = Info.plist; sourceTree = "<group>"; };
		67F98EEF1D8B6D330042EFEF /* LocalatorTests.xctest */ = {isa = PBXFileReference; explicitFileType = wrapper.cfbundle; includeInIndex = 0; path = LocalatorTests.xctest; sourceTree = BUILT_PRODUCTS_DIR; };
		67F98EF31D8B6D330042EFEF /* LocalatorTests.swift */ = {isa = PBXFileReference; lastKnownFileType = sourcecode.swift; path = LocalatorTests.swift; sourceTree = "<group>"; };
		67F98EF51D8B6D330042EFEF /* Info.plist */ = {isa = PBXFileReference; lastKnownFileType = text.plist.xml; path = Info.plist; sourceTree = "<group>"; };
		67F98EFA1D8B6D330042EFEF /* LocalatorUITests.xctest */ = {isa = PBXFileReference; explicitFileType = wrapper.cfbundle; includeInIndex = 0; path = LocalatorUITests.xctest; sourceTree = BUILT_PRODUCTS_DIR; };
		67F98EFE1D8B6D330042EFEF /* LocalatorUITests.swift */ = {isa = PBXFileReference; lastKnownFileType = sourcecode.swift; path = LocalatorUITests.swift; sourceTree = "<group>"; };
		67F98F001D8B6D330042EFEF /* Info.plist */ = {isa = PBXFileReference; lastKnownFileType = text.plist.xml; path = Info.plist; sourceTree = "<group>"; };
		67F98F0C1D8B71A60042EFEF /* FriendsViewController.swift */ = {isa = PBXFileReference; fileEncoding = 4; lastKnownFileType = sourcecode.swift; path = FriendsViewController.swift; sourceTree = "<group>"; };
		67F98F0E1D8B768A0042EFEF /* MapViewController.swift */ = {isa = PBXFileReference; fileEncoding = 4; lastKnownFileType = sourcecode.swift; path = MapViewController.swift; sourceTree = "<group>"; };
		67F98F101D8B83120042EFEF /* FriendHeaderView.swift */ = {isa = PBXFileReference; fileEncoding = 4; lastKnownFileType = sourcecode.swift; path = FriendHeaderView.swift; sourceTree = "<group>"; };
		67F98F131D8BBF630042EFEF /* alarm-clock-ticking.wav */ = {isa = PBXFileReference; lastKnownFileType = audio.wav; name = "alarm-clock-ticking.wav"; path = "../alarm-clock-ticking.wav"; sourceTree = "<group>"; };
		67F98F161D8C66220042EFEF /* VCMapView.swift */ = {isa = PBXFileReference; fileEncoding = 4; lastKnownFileType = sourcecode.swift; path = VCMapView.swift; sourceTree = "<group>"; };
		67F98F181D8C66360042EFEF /* Friend.swift */ = {isa = PBXFileReference; fileEncoding = 4; lastKnownFileType = sourcecode.swift; path = Friend.swift; sourceTree = "<group>"; };
		67F98F1A1D8C86430042EFEF /* ping.mp3 */ = {isa = PBXFileReference; lastKnownFileType = audio.mp3; path = ping.mp3; sourceTree = "<group>"; };
		67F98F1C1D8C88970042EFEF /* water-drop.mp3 */ = {isa = PBXFileReference; lastKnownFileType = audio.mp3; path = "water-drop.mp3"; sourceTree = "<group>"; };
		67F98F1E1D8C88A60042EFEF /* beep.wav */ = {isa = PBXFileReference; lastKnownFileType = audio.wav; path = beep.wav; sourceTree = "<group>"; };
/* End PBXFileReference section */

/* Begin PBXFrameworksBuildPhase section */
		67F98ED51D8B6D330042EFEF /* Frameworks */ = {
			isa = PBXFrameworksBuildPhase;
			buildActionMask = 2147483647;
			files = (
			);
			runOnlyForDeploymentPostprocessing = 0;
		};
		67F98EEC1D8B6D330042EFEF /* Frameworks */ = {
			isa = PBXFrameworksBuildPhase;
			buildActionMask = 2147483647;
			files = (
			);
			runOnlyForDeploymentPostprocessing = 0;
		};
		67F98EF71D8B6D330042EFEF /* Frameworks */ = {
			isa = PBXFrameworksBuildPhase;
			buildActionMask = 2147483647;
			files = (
			);
			runOnlyForDeploymentPostprocessing = 0;
		};
/* End PBXFrameworksBuildPhase section */

/* Begin PBXGroup section */
		67F98ECF1D8B6D330042EFEF = {
			isa = PBXGroup;
			children = (
				67F98EDA1D8B6D330042EFEF /* Localator */,
				67F98EF21D8B6D330042EFEF /* LocalatorTests */,
				67F98EFD1D8B6D330042EFEF /* LocalatorUITests */,
				67F98ED91D8B6D330042EFEF /* Products */,
			);
			sourceTree = "<group>";
		};
		67F98ED91D8B6D330042EFEF /* Products */ = {
			isa = PBXGroup;
			children = (
				67F98ED81D8B6D330042EFEF /* Localator.app */,
				67F98EEF1D8B6D330042EFEF /* LocalatorTests.xctest */,
				67F98EFA1D8B6D330042EFEF /* LocalatorUITests.xctest */,
			);
			name = Products;
			sourceTree = "<group>";
		};
		67F98EDA1D8B6D330042EFEF /* Localator */ = {
			isa = PBXGroup;
			children = (
				67F98F151D8BBF940042EFEF /* Sounds */,
				67F98EDB1D8B6D330042EFEF /* AppDelegate.swift */,
				67F98EDD1D8B6D330042EFEF /* FirstViewController.swift */,
				67F98EDF1D8B6D330042EFEF /* Main.storyboard */,
				67F98F101D8B83120042EFEF /* FriendHeaderView.swift */,
				67F98F0E1D8B768A0042EFEF /* MapViewController.swift */,
				67F98F161D8C66220042EFEF /* VCMapView.swift */,
				67F98F181D8C66360042EFEF /* Friend.swift */,
				67F98F0C1D8B71A60042EFEF /* FriendsViewController.swift */,
				67F98EE51D8B6D330042EFEF /* Assets.xcassets */,
				67F98EE71D8B6D330042EFEF /* LaunchScreen.storyboard */,
				67F98EEA1D8B6D330042EFEF /* Info.plist */,
				67F98EE21D8B6D330042EFEF /* Localator.xcdatamodeld */,
			);
			path = Localator;
			sourceTree = "<group>";
		};
		67F98EF21D8B6D330042EFEF /* LocalatorTests */ = {
			isa = PBXGroup;
			children = (
				67F98EF31D8B6D330042EFEF /* LocalatorTests.swift */,
				67F98EF51D8B6D330042EFEF /* Info.plist */,
			);
			path = LocalatorTests;
			sourceTree = "<group>";
		};
		67F98EFD1D8B6D330042EFEF /* LocalatorUITests */ = {
			isa = PBXGroup;
			children = (
				67F98EFE1D8B6D330042EFEF /* LocalatorUITests.swift */,
				67F98F001D8B6D330042EFEF /* Info.plist */,
			);
			path = LocalatorUITests;
			sourceTree = "<group>";
		};
		67F98F151D8BBF940042EFEF /* Sounds */ = {
			isa = PBXGroup;
			children = (
				67F98F1A1D8C86430042EFEF /* ping.mp3 */,
				67F98F131D8BBF630042EFEF /* alarm-clock-ticking.wav */,
				67F98F1C1D8C88970042EFEF /* water-drop.mp3 */,
				67F98F1E1D8C88A60042EFEF /* beep.wav */,
			);
			name = Sounds;
			sourceTree = "<group>";
		};
/* End PBXGroup section */

/* Begin PBXNativeTarget section */
		67F98ED71D8B6D330042EFEF /* Localator */ = {
			isa = PBXNativeTarget;
			buildConfigurationList = 67F98F031D8B6D330042EFEF /* Build configuration list for PBXNativeTarget "Localator" */;
			buildPhases = (
				67F98ED41D8B6D330042EFEF /* Sources */,
				67F98ED51D8B6D330042EFEF /* Frameworks */,
				67F98ED61D8B6D330042EFEF /* Resources */,
			);
			buildRules = (
			);
			dependencies = (
			);
			name = Localator;
			productName = Localator;
			productReference = 67F98ED81D8B6D330042EFEF /* Localator.app */;
			productType = "com.apple.product-type.application";
		};
		67F98EEE1D8B6D330042EFEF /* LocalatorTests */ = {
			isa = PBXNativeTarget;
			buildConfigurationList = 67F98F061D8B6D330042EFEF /* Build configuration list for PBXNativeTarget "LocalatorTests" */;
			buildPhases = (
				67F98EEB1D8B6D330042EFEF /* Sources */,
				67F98EEC1D8B6D330042EFEF /* Frameworks */,
				67F98EED1D8B6D330042EFEF /* Resources */,
			);
			buildRules = (
			);
			dependencies = (
				67F98EF11D8B6D330042EFEF /* PBXTargetDependency */,
			);
			name = LocalatorTests;
			productName = LocalatorTests;
			productReference = 67F98EEF1D8B6D330042EFEF /* LocalatorTests.xctest */;
			productType = "com.apple.product-type.bundle.unit-test";
		};
		67F98EF91D8B6D330042EFEF /* LocalatorUITests */ = {
			isa = PBXNativeTarget;
			buildConfigurationList = 67F98F091D8B6D330042EFEF /* Build configuration list for PBXNativeTarget "LocalatorUITests" */;
			buildPhases = (
				67F98EF61D8B6D330042EFEF /* Sources */,
				67F98EF71D8B6D330042EFEF /* Frameworks */,
				67F98EF81D8B6D330042EFEF /* Resources */,
			);
			buildRules = (
			);
			dependencies = (
				67F98EFC1D8B6D330042EFEF /* PBXTargetDependency */,
			);
			name = LocalatorUITests;
			productName = LocalatorUITests;
			productReference = 67F98EFA1D8B6D330042EFEF /* LocalatorUITests.xctest */;
			productType = "com.apple.product-type.bundle.ui-testing";
		};
/* End PBXNativeTarget section */

/* Begin PBXProject section */
		67F98ED01D8B6D330042EFEF /* Project object */ = {
			isa = PBXProject;
			attributes = {
				LastSwiftUpdateCheck = 0730;
				LastUpgradeCheck = 0730;
				ORGANIZATIONNAME = "Vanessa Bell";
				TargetAttributes = {
					67F98ED71D8B6D330042EFEF = {
						CreatedOnToolsVersion = 7.3.1;
						DevelopmentTeam = BU873PKFN4;
					};
					67F98EEE1D8B6D330042EFEF = {
						CreatedOnToolsVersion = 7.3.1;
						DevelopmentTeam = BU873PKFN4;
						TestTargetID = 67F98ED71D8B6D330042EFEF;
					};
					67F98EF91D8B6D330042EFEF = {
						CreatedOnToolsVersion = 7.3.1;
						DevelopmentTeam = BU873PKFN4;
						TestTargetID = 67F98ED71D8B6D330042EFEF;
					};
				};
			};
			buildConfigurationList = 67F98ED31D8B6D330042EFEF /* Build configuration list for PBXProject "Localator" */;
			compatibilityVersion = "Xcode 3.2";
			developmentRegion = English;
			hasScannedForEncodings = 0;
			knownRegions = (
				en,
				Base,
			);
			mainGroup = 67F98ECF1D8B6D330042EFEF;
			productRefGroup = 67F98ED91D8B6D330042EFEF /* Products */;
			projectDirPath = "";
			projectRoot = "";
			targets = (
				67F98ED71D8B6D330042EFEF /* Localator */,
				67F98EEE1D8B6D330042EFEF /* LocalatorTests */,
				67F98EF91D8B6D330042EFEF /* LocalatorUITests */,
			);
		};
/* End PBXProject section */

/* Begin PBXResourcesBuildPhase section */
		67F98ED61D8B6D330042EFEF /* Resources */ = {
			isa = PBXResourcesBuildPhase;
			buildActionMask = 2147483647;
			files = (
				67F98EE91D8B6D330042EFEF /* LaunchScreen.storyboard in Resources */,
				67F98F1F1D8C88A60042EFEF /* beep.wav in Resources */,
				67F98F1D1D8C88970042EFEF /* water-drop.mp3 in Resources */,
				67F98EE61D8B6D330042EFEF /* Assets.xcassets in Resources */,
				67F98F1B1D8C86430042EFEF /* ping.mp3 in Resources */,
				67F98F141D8BBF630042EFEF /* alarm-clock-ticking.wav in Resources */,
				67F98EE11D8B6D330042EFEF /* Main.storyboard in Resources */,
			);
			runOnlyForDeploymentPostprocessing = 0;
		};
		67F98EED1D8B6D330042EFEF /* Resources */ = {
			isa = PBXResourcesBuildPhase;
			buildActionMask = 2147483647;
			files = (
			);
			runOnlyForDeploymentPostprocessing = 0;
		};
		67F98EF81D8B6D330042EFEF /* Resources */ = {
			isa = PBXResourcesBuildPhase;
			buildActionMask = 2147483647;
			files = (
			);
			runOnlyForDeploymentPostprocessing = 0;
		};
/* End PBXResourcesBuildPhase section */

/* Begin PBXSourcesBuildPhase section */
		67F98ED41D8B6D330042EFEF /* Sources */ = {
			isa = PBXSourcesBuildPhase;
			buildActionMask = 2147483647;
			files = (
				67F98F0D1D8B71A60042EFEF /* FriendsViewController.swift in Sources */,
				67F98EDE1D8B6D330042EFEF /* FirstViewController.swift in Sources */,
				67F98EDC1D8B6D330042EFEF /* AppDelegate.swift in Sources */,
				67F98F0F1D8B768A0042EFEF /* MapViewController.swift in Sources */,
				67F98EE41D8B6D330042EFEF /* Localator.xcdatamodeld in Sources */,
				67F98F171D8C66220042EFEF /* VCMapView.swift in Sources */,
				67F98F111D8B83120042EFEF /* FriendHeaderView.swift in Sources */,
				67F98F191D8C66360042EFEF /* Friend.swift in Sources */,
			);
			runOnlyForDeploymentPostprocessing = 0;
		};
		67F98EEB1D8B6D330042EFEF /* Sources */ = {
			isa = PBXSourcesBuildPhase;
			buildActionMask = 2147483647;
			files = (
				67F98EF41D8B6D330042EFEF /* LocalatorTests.swift in Sources */,
			);
			runOnlyForDeploymentPostprocessing = 0;
		};
		67F98EF61D8B6D330042EFEF /* Sources */ = {
			isa = PBXSourcesBuildPhase;
			buildActionMask = 2147483647;
			files = (
				67F98EFF1D8B6D330042EFEF /* LocalatorUITests.swift in Sources */,
			);
			runOnlyForDeploymentPostprocessing = 0;
		};
/* End PBXSourcesBuildPhase section */

/* Begin PBXTargetDependency section */
		67F98EF11D8B6D330042EFEF /* PBXTargetDependency */ = {
			isa = PBXTargetDependency;
			target = 67F98ED71D8B6D330042EFEF /* Localator */;
			targetProxy = 67F98EF01D8B6D330042EFEF /* PBXContainerItemProxy */;
		};
		67F98EFC1D8B6D330042EFEF /* PBXTargetDependency */ = {
			isa = PBXTargetDependency;
			target = 67F98ED71D8B6D330042EFEF /* Localator */;
			targetProxy = 67F98EFB1D8B6D330042EFEF /* PBXContainerItemProxy */;
		};
/* End PBXTargetDependency section */

/* Begin PBXVariantGroup section */
		67F98EDF1D8B6D330042EFEF /* Main.storyboard */ = {
			isa = PBXVariantGroup;
			children = (
				67F98EE01D8B6D330042EFEF /* Base */,
			);
			name = Main.storyboard;
			sourceTree = "<group>";
		};
		67F98EE71D8B6D330042EFEF /* LaunchScreen.storyboard */ = {
			isa = PBXVariantGroup;
			children = (
				67F98EE81D8B6D330042EFEF /* Base */,
			);
			name = LaunchScreen.storyboard;
			sourceTree = "<group>";
		};
/* End PBXVariantGroup section */

/* Begin XCBuildConfiguration section */
		67F98F011D8B6D330042EFEF /* Debug */ = {
			isa = XCBuildConfiguration;
			buildSettings = {
				ALWAYS_SEARCH_USER_PATHS = NO;
				CLANG_ANALYZER_NONNULL = YES;
				CLANG_CXX_LANGUAGE_STANDARD = "gnu++0x";
				CLANG_CXX_LIBRARY = "libc++";
				CLANG_ENABLE_MODULES = YES;
				CLANG_ENABLE_OBJC_ARC = YES;
				CLANG_WARN_BOOL_CONVERSION = YES;
				CLANG_WARN_CONSTANT_CONVERSION = YES;
				CLANG_WARN_DIRECT_OBJC_ISA_USAGE = YES_ERROR;
				CLANG_WARN_EMPTY_BODY = YES;
				CLANG_WARN_ENUM_CONVERSION = YES;
				CLANG_WARN_INT_CONVERSION = YES;
				CLANG_WARN_OBJC_ROOT_CLASS = YES_ERROR;
				CLANG_WARN_UNREACHABLE_CODE = YES;
				CLANG_WARN__DUPLICATE_METHOD_MATCH = YES;
				"CODE_SIGN_IDENTITY[sdk=iphoneos*]" = "iPhone Developer";
				COPY_PHASE_STRIP = NO;
				DEBUG_INFORMATION_FORMAT = dwarf;
				ENABLE_STRICT_OBJC_MSGSEND = YES;
				ENABLE_TESTABILITY = YES;
				GCC_C_LANGUAGE_STANDARD = gnu99;
				GCC_DYNAMIC_NO_PIC = NO;
				GCC_NO_COMMON_BLOCKS = YES;
				GCC_OPTIMIZATION_LEVEL = 0;
				GCC_PREPROCESSOR_DEFINITIONS = (
					"DEBUG=1",
					"$(inherited)",
				);
				GCC_WARN_64_TO_32_BIT_CONVERSION = YES;
				GCC_WARN_ABOUT_RETURN_TYPE = YES_ERROR;
				GCC_WARN_UNDECLARED_SELECTOR = YES;
				GCC_WARN_UNINITIALIZED_AUTOS = YES_AGGRESSIVE;
				GCC_WARN_UNUSED_FUNCTION = YES;
				GCC_WARN_UNUSED_VARIABLE = YES;
				IPHONEOS_DEPLOYMENT_TARGET = 9.3;
				MTL_ENABLE_DEBUG_INFO = YES;
				ONLY_ACTIVE_ARCH = YES;
				SDKROOT = iphoneos;
				SWIFT_OPTIMIZATION_LEVEL = "-Onone";
				TARGETED_DEVICE_FAMILY = "1,2";
			};
			name = Debug;
		};
		67F98F021D8B6D330042EFEF /* Release */ = {
			isa = XCBuildConfiguration;
			buildSettings = {
				ALWAYS_SEARCH_USER_PATHS = NO;
				CLANG_ANALYZER_NONNULL = YES;
				CLANG_CXX_LANGUAGE_STANDARD = "gnu++0x";
				CLANG_CXX_LIBRARY = "libc++";
				CLANG_ENABLE_MODULES = YES;
				CLANG_ENABLE_OBJC_ARC = YES;
				CLANG_WARN_BOOL_CONVERSION = YES;
				CLANG_WARN_CONSTANT_CONVERSION = YES;
				CLANG_WARN_DIRECT_OBJC_ISA_USAGE = YES_ERROR;
				CLANG_WARN_EMPTY_BODY = YES;
				CLANG_WARN_ENUM_CONVERSION = YES;
				CLANG_WARN_INT_CONVERSION = YES;
				CLANG_WARN_OBJC_ROOT_CLASS = YES_ERROR;
				CLANG_WARN_UNREACHABLE_CODE = YES;
				CLANG_WARN__DUPLICATE_METHOD_MATCH = YES;
				"CODE_SIGN_IDENTITY[sdk=iphoneos*]" = "iPhone Developer";
				COPY_PHASE_STRIP = NO;
				DEBUG_INFORMATION_FORMAT = "dwarf-with-dsym";
				ENABLE_NS_ASSERTIONS = NO;
				ENABLE_STRICT_OBJC_MSGSEND = YES;
				GCC_C_LANGUAGE_STANDARD = gnu99;
				GCC_NO_COMMON_BLOCKS = YES;
				GCC_WARN_64_TO_32_BIT_CONVERSION = YES;
				GCC_WARN_ABOUT_RETURN_TYPE = YES_ERROR;
				GCC_WARN_UNDECLARED_SELECTOR = YES;
				GCC_WARN_UNINITIALIZED_AUTOS = YES_AGGRESSIVE;
				GCC_WARN_UNUSED_FUNCTION = YES;
				GCC_WARN_UNUSED_VARIABLE = YES;
				IPHONEOS_DEPLOYMENT_TARGET = 9.3;
				MTL_ENABLE_DEBUG_INFO = NO;
				SDKROOT = iphoneos;
				TARGETED_DEVICE_FAMILY = "1,2";
				VALIDATE_PRODUCT = YES;
			};
			name = Release;
		};
		67F98F041D8B6D330042EFEF /* Debug */ = {
			isa = XCBuildConfiguration;
			buildSettings = {
				ASSETCATALOG_COMPILER_APPICON_NAME = AppIcon;
				INFOPLIST_FILE = Localator/Info.plist;
				LD_RUNPATH_SEARCH_PATHS = "$(inherited) @executable_path/Frameworks";
				PRODUCT_BUNDLE_IDENTIFIER = com.example.Localator;
				PRODUCT_NAME = "$(TARGET_NAME)";
			};
			name = Debug;
		};
		67F98F051D8B6D330042EFEF /* Release */ = {
			isa = XCBuildConfiguration;
			buildSettings = {
				ASSETCATALOG_COMPILER_APPICON_NAME = AppIcon;
				INFOPLIST_FILE = Localator/Info.plist;
				LD_RUNPATH_SEARCH_PATHS = "$(inherited) @executable_path/Frameworks";
				PRODUCT_BUNDLE_IDENTIFIER = com.example.Localator;
				PRODUCT_NAME = "$(TARGET_NAME)";
			};
			name = Release;
		};
		67F98F071D8B6D330042EFEF /* Debug */ = {
			isa = XCBuildConfiguration;
			buildSettings = {
				BUNDLE_LOADER = "$(TEST_HOST)";
				INFOPLIST_FILE = LocalatorTests/Info.plist;
				LD_RUNPATH_SEARCH_PATHS = "$(inherited) @executable_path/Frameworks @loader_path/Frameworks";
				PRODUCT_BUNDLE_IDENTIFIER = com.example.LocalatorTests;
				PRODUCT_NAME = "$(TARGET_NAME)";
				TEST_HOST = "$(BUILT_PRODUCTS_DIR)/Localator.app/Localator";
			};
			name = Debug;
		};
		67F98F081D8B6D330042EFEF /* Release */ = {
			isa = XCBuildConfiguration;
			buildSettings = {
				BUNDLE_LOADER = "$(TEST_HOST)";
				INFOPLIST_FILE = LocalatorTests/Info.plist;
				LD_RUNPATH_SEARCH_PATHS = "$(inherited) @executable_path/Frameworks @loader_path/Frameworks";
				PRODUCT_BUNDLE_IDENTIFIER = com.example.LocalatorTests;
				PRODUCT_NAME = "$(TARGET_NAME)";
				TEST_HOST = "$(BUILT_PRODUCTS_DIR)/Localator.app/Localator";
			};
			name = Release;
		};
		67F98F0A1D8B6D330042EFEF /* Debug */ = {
			isa = XCBuildConfiguration;
			buildSettings = {
				INFOPLIST_FILE = LocalatorUITests/Info.plist;
				LD_RUNPATH_SEARCH_PATHS = "$(inherited) @executable_path/Frameworks @loader_path/Frameworks";
				PRODUCT_BUNDLE_IDENTIFIER = com.example.LocalatorUITests;
				PRODUCT_NAME = "$(TARGET_NAME)";
				TEST_TARGET_NAME = Localator;
			};
			name = Debug;
		};
		67F98F0B1D8B6D330042EFEF /* Release */ = {
			isa = XCBuildConfiguration;
			buildSettings = {
				INFOPLIST_FILE = LocalatorUITests/Info.plist;
				LD_RUNPATH_SEARCH_PATHS = "$(inherited) @executable_path/Frameworks @loader_path/Frameworks";
				PRODUCT_BUNDLE_IDENTIFIER = com.example.LocalatorUITests;
				PRODUCT_NAME = "$(TARGET_NAME)";
				TEST_TARGET_NAME = Localator;
			};
			name = Release;
		};
/* End XCBuildConfiguration section */

/* Begin XCConfigurationList section */
		67F98ED31D8B6D330042EFEF /* Build configuration list for PBXProject "Localator" */ = {
			isa = XCConfigurationList;
			buildConfigurations = (
				67F98F011D8B6D330042EFEF /* Debug */,
				67F98F021D8B6D330042EFEF /* Release */,
			);
			defaultConfigurationIsVisible = 0;
			defaultConfigurationName = Release;
		};
		67F98F031D8B6D330042EFEF /* Build configuration list for PBXNativeTarget "Localator" */ = {
			isa = XCConfigurationList;
			buildConfigurations = (
				67F98F041D8B6D330042EFEF /* Debug */,
				67F98F051D8B6D330042EFEF /* Release */,
			);
			defaultConfigurationIsVisible = 0;
			defaultConfigurationName = Release;
		};
		67F98F061D8B6D330042EFEF /* Build configuration list for PBXNativeTarget "LocalatorTests" */ = {
			isa = XCConfigurationList;
			buildConfigurations = (
				67F98F071D8B6D330042EFEF /* Debug */,
				67F98F081D8B6D330042EFEF /* Release */,
			);
			defaultConfigurationIsVisible = 0;
			defaultConfigurationName = Release;
		};
		67F98F091D8B6D330042EFEF /* Build configuration list for PBXNativeTarget "LocalatorUITests" */ = {
			isa = XCConfigurationList;
			buildConfigurations = (
				67F98F0A1D8B6D330042EFEF /* Debug */,
				67F98F0B1D8B6D330042EFEF /* Release */,
			);
			defaultConfigurationIsVisible = 0;
			defaultConfigurationName = Release;
		};
/* End XCConfigurationList section */

/* Begin XCVersionGroup section */
		67F98EE21D8B6D330042EFEF /* Localator.xcdatamodeld */ = {
			isa = XCVersionGroup;
			children = (
				67F98EE31D8B6D330042EFEF /* Localator.xcdatamodel */,
			);
			currentVersion = 67F98EE31D8B6D330042EFEF /* Localator.xcdatamodel */;
			path = Localator.xcdatamodeld;
			sourceTree = "<group>";
			versionGroupType = wrapper.xcdatamodel;
		};
/* End XCVersionGroup section */
	};
	rootObject = 67F98ED01D8B6D330042EFEF /* Project object */;
}
